
Microsoft Visual Studio Solution File, Format Version 12.00
# Visual Studio Version 16
VisualStudioVersion = 16.0.30104.148
MinimumVisualStudioVersion = 10.0.40219.1
Project("{FAE04EC0-301F-11D3-BF4B-00C04F79EFBC}") = "Laba9", "Laba9.csproj", "{B623AB5F-F802-4615-BF68-336CDA3E1F84}"
EndProject
Global
	GlobalSection(SolutionConfigurationPlatforms) = preSolution
		Debug|Any CPU = Debug|Any CPU
		Release|Any CPU = Release|Any CPU
	EndGlobalSection
	GlobalSection(ProjectConfigurationPlatforms) = postSolution
		{B623AB5F-F802-4615-BF68-336CDA3E1F84}.Debug|Any CPU.ActiveCfg = Debug|Any CPU
		{B623AB5F-F802-4615-BF68-336CDA3E1F84}.Debug|Any CPU.Build.0 = Debug|Any CPU
		{B623AB5F-F802-4615-BF68-336CDA3E1F84}.Release|Any CPU.ActiveCfg = Release|Any CPU
		{B623AB5F-F802-4615-BF68-336CDA3E1F84}.Release|Any CPU.Build.0 = Release|Any CPU
	EndGlobalSection
	GlobalSection(SolutionProperties) = preSolution
		HideSolutionNode = FALSE
	EndGlobalSection
	GlobalSection(ExtensibilityGlobals) = postSolution
		SolutionGuid = {C8693D71-182A-4602-9520-7E0327D3DBD6}
	EndGlobalSection
EndGlobal
