
Microsoft Visual Studio Solution File, Format Version 12.00
# Visual Studio Version 16
VisualStudioVersion = 16.0.30104.148
MinimumVisualStudioVersion = 10.0.40219.1
Project("{FAE04EC0-301F-11D3-BF4B-00C04F79EFBC}") = "Laba11", "Laba11.csproj", "{9B6D492D-DB26-414E-A85C-1C683DC2FABB}"
EndProject
Global
	GlobalSection(SolutionConfigurationPlatforms) = preSolution
		Debug|Any CPU = Debug|Any CPU
		Release|Any CPU = Release|Any CPU
	EndGlobalSection
	GlobalSection(ProjectConfigurationPlatforms) = postSolution
		{9B6D492D-DB26-414E-A85C-1C683DC2FABB}.Debug|Any CPU.ActiveCfg = Debug|Any CPU
		{9B6D492D-DB26-414E-A85C-1C683DC2FABB}.Debug|Any CPU.Build.0 = Debug|Any CPU
		{9B6D492D-DB26-414E-A85C-1C683DC2FABB}.Release|Any CPU.ActiveCfg = Release|Any CPU
		{9B6D492D-DB26-414E-A85C-1C683DC2FABB}.Release|Any CPU.Build.0 = Release|Any CPU
	EndGlobalSection
	GlobalSection(SolutionProperties) = preSolution
		HideSolutionNode = FALSE
	EndGlobalSection
	GlobalSection(ExtensibilityGlobals) = postSolution
		SolutionGuid = {F1F4AC86-E82B-411E-8973-350068831FDF}
	EndGlobalSection
EndGlobal
